
Microsoft Visual Studio Solution File, Format Version 12.00
# Visual Studio Version 17
VisualStudioVersion = 17.8.34511.84
MinimumVisualStudioVersion = 10.0.40219.1
Project("{FAE04EC0-301F-11D3-BF4B-00C04F79EFBC}") = "pr23", "pr23\pr23.csproj", "{1AE12C0D-5DD1-4A1A-AD9D-898521CF1884}"
EndProject
Project("{FAE04EC0-301F-11D3-BF4B-00C04F79EFBC}") = "23.2", "23.2\23.2.csproj", "{370A9242-90BF-491B-A80D-19BFBE05D217}"
EndProject
Global
	GlobalSection(SolutionConfigurationPlatforms) = preSolution
		Debug|Any CPU = Debug|Any CPU
		Release|Any CPU = Release|Any CPU
	EndGlobalSection
	GlobalSection(ProjectConfigurationPlatforms) = postSolution
		{1AE12C0D-5DD1-4A1A-AD9D-898521CF1884}.Debug|Any CPU.ActiveCfg = Debug|Any CPU
		{1AE12C0D-5DD1-4A1A-AD9D-898521CF1884}.Debug|Any CPU.Build.0 = Debug|Any CPU
		{1AE12C0D-5DD1-4A1A-AD9D-898521CF1884}.Release|Any CPU.ActiveCfg = Release|Any CPU
		{1AE12C0D-5DD1-4A1A-AD9D-898521CF1884}.Release|Any CPU.Build.0 = Release|Any CPU
		{370A9242-90BF-491B-A80D-19BFBE05D217}.Debug|Any CPU.ActiveCfg = Debug|Any CPU
		{370A9242-90BF-491B-A80D-19BFBE05D217}.Debug|Any CPU.Build.0 = Debug|Any CPU
		{370A9242-90BF-491B-A80D-19BFBE05D217}.Release|Any CPU.ActiveCfg = Release|Any CPU
		{370A9242-90BF-491B-A80D-19BFBE05D217}.Release|Any CPU.Build.0 = Release|Any CPU
	EndGlobalSection
	GlobalSection(SolutionProperties) = preSolution
		HideSolutionNode = FALSE
	EndGlobalSection
	GlobalSection(ExtensibilityGlobals) = postSolution
		SolutionGuid = {BFA66DD6-6C28-4918-847B-239A253C5F62}
	EndGlobalSection
EndGlobal
